
Microsoft Visual Studio Solution File, Format Version 12.00
# Visual Studio Version 17
VisualStudioVersion = 17.13.35825.156
MinimumVisualStudioVersion = 10.0.40219.1
Project("{FAE04EC0-301F-11D3-BF4B-00C04F79EFBC}") = "AP_project", "AG_ASP_HW4\AP_project.csproj", "{804830EB-EFF5-436D-AA02-2A2981762A83}"
EndProject
Global
	GlobalSection(SolutionConfigurationPlatforms) = preSolution
		Debug|Any CPU = Debug|Any CPU
		Release|Any CPU = Release|Any CPU
	EndGlobalSection
	GlobalSection(ProjectConfigurationPlatforms) = postSolution
		{804830EB-EFF5-436D-AA02-2A2981762A83}.Debug|Any CPU.ActiveCfg = Debug|Any CPU
		{804830EB-EFF5-436D-AA02-2A2981762A83}.Debug|Any CPU.Build.0 = Debug|Any CPU
		{804830EB-EFF5-436D-AA02-2A2981762A83}.Release|Any CPU.ActiveCfg = Release|Any CPU
		{804830EB-EFF5-436D-AA02-2A2981762A83}.Release|Any CPU.Build.0 = Release|Any CPU
	EndGlobalSection
	GlobalSection(SolutionProperties) = preSolution
		HideSolutionNode = FALSE
	EndGlobalSection
	GlobalSection(ExtensibilityGlobals) = postSolution
		SolutionGuid = {6E9AA7CC-F72F-4ED2-BC93-CD0E68546CAF}
	EndGlobalSection
EndGlobal
